
Microsoft Visual Studio Solution File, Format Version 12.00
# Visual Studio Version 17
VisualStudioVersion = 17.0.31903.59
MinimumVisualStudioVersion = 10.0.40219.1
Project("{FAE04EC0-301F-11D3-BF4B-00C04F79EFBC}") = "Host", "src\Host\Host.csproj", "{B407B979-076E-593D-8D12-C1A274CAD115}"
EndProject
Project("{FAE04EC0-301F-11D3-BF4B-00C04F79EFBC}") = "Discovery.Api", "src\Modules\Discovery\Discovery.Api\Discovery.Api.csproj", "{827E9033-3500-50D4-9285-CF19EC2DB17A}"
EndProject
Project("{FAE04EC0-301F-11D3-BF4B-00C04F79EFBC}") = "Discovery.Application", "src\Modules\Discovery\Discovery.Application\Discovery.Application.csproj", "{C5E9A0E1-4E8A-590E-8727-6921889B500A}"
EndProject
Project("{FAE04EC0-301F-11D3-BF4B-00C04F79EFBC}") = "Discovery.Domain", "src\Modules\Discovery\Discovery.Domain\Discovery.Domain.csproj", "{E000BFBB-76A4-530A-82C4-E90B70260BC8}"
EndProject
Project("{FAE04EC0-301F-11D3-BF4B-00C04F79EFBC}") = "Discovery.Infrastructure", "src\Modules\Discovery\Discovery.Infrastructure\Discovery.Infrastructure.csproj", "{9F3C5A93-1C88-5100-ADBE-3675779E951F}"
EndProject
Project("{FAE04EC0-301F-11D3-BF4B-00C04F79EFBC}") = "Discovery.Tests", "src\Modules\Discovery\Discovery.Tests\Discovery.Tests.csproj", "{3E801E0F-B10D-533D-A25C-60E03B7EA5B0}"
EndProject
Project("{FAE04EC0-301F-11D3-BF4B-00C04F79EFBC}") = "Graph.Api", "src\Modules\Graph\Graph.Api\Graph.Api.csproj", "{A1743708-4A7C-5133-BE8D-FDCA3C3BF4E0}"
EndProject
Project("{FAE04EC0-301F-11D3-BF4B-00C04F79EFBC}") = "Graph.Application", "src\Modules\Graph\Graph.Application\Graph.Application.csproj", "{612182A5-7839-5DB6-A023-5CBC03858F88}"
EndProject
Project("{FAE04EC0-301F-11D3-BF4B-00C04F79EFBC}") = "Graph.Domain", "src\Modules\Graph\Graph.Domain\Graph.Domain.csproj", "{594EB6A1-D721-5CA6-AF69-F1D9AE69555C}"
EndProject
Project("{FAE04EC0-301F-11D3-BF4B-00C04F79EFBC}") = "Graph.Infrastructure", "src\Modules\Graph\Graph.Infrastructure\Graph.Infrastructure.csproj", "{AA9827FD-CE0E-5025-AEC8-B5BB743DC544}"
EndProject
Project("{FAE04EC0-301F-11D3-BF4B-00C04F79EFBC}") = "Graph.Tests", "src\Modules\Graph\Graph.Tests\Graph.Tests.csproj", "{8643946A-6ACC-51DD-A6F7-24E04D8BDF0B}"
EndProject
Project("{FAE04EC0-301F-11D3-BF4B-00C04F79EFBC}") = "Identity.Api", "src\Modules\Identity\Identity.Api\Identity.Api.csproj", "{690E6D8C-8E37-5BCC-BDD9-9C0632248BE1}"
EndProject
Project("{FAE04EC0-301F-11D3-BF4B-00C04F79EFBC}") = "Identity.Application", "src\Modules\Identity\Identity.Application\Identity.Application.csproj", "{8E2FE5C2-05DE-5B2F-8C33-7DC347531540}"
EndProject
Project("{FAE04EC0-301F-11D3-BF4B-00C04F79EFBC}") = "Identity.Domain", "src\Modules\Identity\Identity.Domain\Identity.Domain.csproj", "{7D36DE0A-D535-5FEF-8200-FAFAF5523F1C}"
EndProject
Project("{FAE04EC0-301F-11D3-BF4B-00C04F79EFBC}") = "Identity.Infrastructure", "src\Modules\Identity\Identity.Infrastructure\Identity.Infrastructure.csproj", "{E69D8F11-E9D7-586E-9225-4EC4B33FED15}"
EndProject
Project("{FAE04EC0-301F-11D3-BF4B-00C04F79EFBC}") = "Identity.Tests", "src\Modules\Identity\Identity.Tests\Identity.Tests.csproj", "{FA64A76B-F8EA-5731-AB78-AD2657F729FE}"
EndProject
Project("{FAE04EC0-301F-11D3-BF4B-00C04F79EFBC}") = "Telemetry.Api", "src\Modules\Telemetry\Telemetry.Api\Telemetry.Api.csproj", "{C722C420-C122-5073-842A-3EF0538DB9F5}"
EndProject
Project("{FAE04EC0-301F-11D3-BF4B-00C04F79EFBC}") = "Telemetry.Application", "src\Modules\Telemetry\Telemetry.Application\Telemetry.Application.csproj", "{B3B08FFE-CAD3-58B8-8B87-9E4CA050C551}"
EndProject
Project("{FAE04EC0-301F-11D3-BF4B-00C04F79EFBC}") = "Telemetry.Domain", "src\Modules\Telemetry\Telemetry.Domain\Telemetry.Domain.csproj", "{8CCDDBDB-7FAE-5B00-AFE9-246DB60B70BF}"
EndProject
Project("{FAE04EC0-301F-11D3-BF4B-00C04F79EFBC}") = "Telemetry.Infrastructure", "src\Modules\Telemetry\Telemetry.Infrastructure\Telemetry.Infrastructure.csproj", "{C00C0E54-EC21-59F8-B24B-D25D5244DC9B}"
EndProject
Project("{FAE04EC0-301F-11D3-BF4B-00C04F79EFBC}") = "Telemetry.Tests", "src\Modules\Telemetry\Telemetry.Tests\Telemetry.Tests.csproj", "{9B7146A8-9A6B-5E02-9897-DB171C5700D9}"
EndProject
Project("{FAE04EC0-301F-11D3-BF4B-00C04F79EFBC}") = "Visualization.Api", "src\Modules\Visualization\Visualization.Api\Visualization.Api.csproj", "{E30121E7-16E1-5855-8D55-EE864FB87981}"
EndProject
Project("{FAE04EC0-301F-11D3-BF4B-00C04F79EFBC}") = "Visualization.Application", "src\Modules\Visualization\Visualization.Application\Visualization.Application.csproj", "{BDDAA1EB-FB7F-522F-8EA1-AB3419945CD6}"
EndProject
Project("{FAE04EC0-301F-11D3-BF4B-00C04F79EFBC}") = "Visualization.Domain", "src\Modules\Visualization\Visualization.Domain\Visualization.Domain.csproj", "{23454E69-D5AF-5604-9773-C6298587B3E8}"
EndProject
Project("{FAE04EC0-301F-11D3-BF4B-00C04F79EFBC}") = "Visualization.Infrastructure", "src\Modules\Visualization\Visualization.Infrastructure\Visualization.Infrastructure.csproj", "{295E5222-F735-540A-A3AD-61FC67785D3A}"
EndProject
Project("{FAE04EC0-301F-11D3-BF4B-00C04F79EFBC}") = "Visualization.Tests", "src\Modules\Visualization\Visualization.Tests\Visualization.Tests.csproj", "{B9528DFB-D020-5EBA-93A9-C104C01323F7}"
EndProject
Project("{FAE04EC0-301F-11D3-BF4B-00C04F79EFBC}") = "Infrastructure", "src\Shared\Infrastructure\Infrastructure.csproj", "{4C5F8AAA-610F-5433-9E8B-C3A00D0FEBA0}"
EndProject
Project("{FAE04EC0-301F-11D3-BF4B-00C04F79EFBC}") = "Kernel", "src\Shared\Kernel\Kernel.csproj", "{AA0C00DD-AC98-5613-8EF3-9F1C1D094C5D}"
EndProject
Project("{FAE04EC0-301F-11D3-BF4B-00C04F79EFBC}") = "Kernel.Tests", "src\Shared\Kernel.Tests\Kernel.Tests.csproj", "{A42BA509-C5DE-5BA4-BD5C-B282A8F9D6A0}"
EndProject
Project("{2150E333-8FDC-42A3-9474-1A3956D46DE8}") = "src", "src", "{827E0CD3-B72D-47B6-A68D-7590B98EB39B}"
EndProject
Project("{2150E333-8FDC-42A3-9474-1A3956D46DE8}") = "Modules", "Modules", "{EC447DCF-ABFA-6E24-52A5-D7FD48A5C558}"
EndProject
Project("{2150E333-8FDC-42A3-9474-1A3956D46DE8}") = "Feedback", "Feedback", "{E561A2CC-1A7C-F07F-E5AD-1B623E3B893A}"
EndProject
Project("{FAE04EC0-301F-11D3-BF4B-00C04F79EFBC}") = "Feedback.Domain", "src\Modules\Feedback\Feedback.Domain\Feedback.Domain.csproj", "{DE838836-EFED-45F7-8B6E-F8A93F57C5FB}"
EndProject
Project("{FAE04EC0-301F-11D3-BF4B-00C04F79EFBC}") = "Feedback.Application", "src\Modules\Feedback\Feedback.Application\Feedback.Application.csproj", "{D5AD07FB-7804-44D2-87C9-A5DBAC3C669E}"
EndProject
Project("{FAE04EC0-301F-11D3-BF4B-00C04F79EFBC}") = "Feedback.Infrastructure", "src\Modules\Feedback\Feedback.Infrastructure\Feedback.Infrastructure.csproj", "{0749DDB7-E5AC-4BD4-A9A6-02E5FDDCAD75}"
EndProject
Project("{FAE04EC0-301F-11D3-BF4B-00C04F79EFBC}") = "Feedback.Api", "src\Modules\Feedback\Feedback.Api\Feedback.Api.csproj", "{88D37A9C-A6B7-4199-B316-500751DA12AC}"
EndProject
Project("{FAE04EC0-301F-11D3-BF4B-00C04F79EFBC}") = "Feedback.Tests", "src\Modules\Feedback\Feedback.Tests\Feedback.Tests.csproj", "{2FB04037-13D5-4868-9CE0-2BFD64ACD4E9}"
EndProject
Global
	GlobalSection(SolutionConfigurationPlatforms) = preSolution
		Debug|Any CPU = Debug|Any CPU
		Debug|x64 = Debug|x64
		Debug|x86 = Debug|x86
		Release|Any CPU = Release|Any CPU
		Release|x64 = Release|x64
		Release|x86 = Release|x86
	EndGlobalSection
	GlobalSection(ProjectConfigurationPlatforms) = postSolution
		{B407B979-076E-593D-8D12-C1A274CAD115}.Debug|Any CPU.ActiveCfg = Debug|Any CPU
		{B407B979-076E-593D-8D12-C1A274CAD115}.Debug|Any CPU.Build.0 = Debug|Any CPU
		{B407B979-076E-593D-8D12-C1A274CAD115}.Debug|x64.ActiveCfg = Debug|Any CPU
		{B407B979-076E-593D-8D12-C1A274CAD115}.Debug|x64.Build.0 = Debug|Any CPU
		{B407B979-076E-593D-8D12-C1A274CAD115}.Debug|x86.ActiveCfg = Debug|Any CPU
		{B407B979-076E-593D-8D12-C1A274CAD115}.Debug|x86.Build.0 = Debug|Any CPU
		{B407B979-076E-593D-8D12-C1A274CAD115}.Release|Any CPU.ActiveCfg = Release|Any CPU
		{B407B979-076E-593D-8D12-C1A274CAD115}.Release|Any CPU.Build.0 = Release|Any CPU
		{B407B979-076E-593D-8D12-C1A274CAD115}.Release|x64.ActiveCfg = Release|Any CPU
		{B407B979-076E-593D-8D12-C1A274CAD115}.Release|x64.Build.0 = Release|Any CPU
		{B407B979-076E-593D-8D12-C1A274CAD115}.Release|x86.ActiveCfg = Release|Any CPU
		{B407B979-076E-593D-8D12-C1A274CAD115}.Release|x86.Build.0 = Release|Any CPU
		{827E9033-3500-50D4-9285-CF19EC2DB17A}.Debug|Any CPU.ActiveCfg = Debug|Any CPU
		{827E9033-3500-50D4-9285-CF19EC2DB17A}.Debug|Any CPU.Build.0 = Debug|Any CPU
		{827E9033-3500-50D4-9285-CF19EC2DB17A}.Debug|x64.ActiveCfg = Debug|Any CPU
		{827E9033-3500-50D4-9285-CF19EC2DB17A}.Debug|x64.Build.0 = Debug|Any CPU
		{827E9033-3500-50D4-9285-CF19EC2DB17A}.Debug|x86.ActiveCfg = Debug|Any CPU
		{827E9033-3500-50D4-9285-CF19EC2DB17A}.Debug|x86.Build.0 = Debug|Any CPU
		{827E9033-3500-50D4-9285-CF19EC2DB17A}.Release|Any CPU.ActiveCfg = Release|Any CPU
		{827E9033-3500-50D4-9285-CF19EC2DB17A}.Release|Any CPU.Build.0 = Release|Any CPU
		{827E9033-3500-50D4-9285-CF19EC2DB17A}.Release|x64.ActiveCfg = Release|Any CPU
		{827E9033-3500-50D4-9285-CF19EC2DB17A}.Release|x64.Build.0 = Release|Any CPU
		{827E9033-3500-50D4-9285-CF19EC2DB17A}.Release|x86.ActiveCfg = Release|Any CPU
		{827E9033-3500-50D4-9285-CF19EC2DB17A}.Release|x86.Build.0 = Release|Any CPU
		{C5E9A0E1-4E8A-590E-8727-6921889B500A}.Debug|Any CPU.ActiveCfg = Debug|Any CPU
		{C5E9A0E1-4E8A-590E-8727-6921889B500A}.Debug|Any CPU.Build.0 = Debug|Any CPU
		{C5E9A0E1-4E8A-590E-8727-6921889B500A}.Debug|x64.ActiveCfg = Debug|Any CPU
		{C5E9A0E1-4E8A-590E-8727-6921889B500A}.Debug|x64.Build.0 = Debug|Any CPU
		{C5E9A0E1-4E8A-590E-8727-6921889B500A}.Debug|x86.ActiveCfg = Debug|Any CPU
		{C5E9A0E1-4E8A-590E-8727-6921889B500A}.Debug|x86.Build.0 = Debug|Any CPU
		{C5E9A0E1-4E8A-590E-8727-6921889B500A}.Release|Any CPU.ActiveCfg = Release|Any CPU
		{C5E9A0E1-4E8A-590E-8727-6921889B500A}.Release|Any CPU.Build.0 = Release|Any CPU
		{C5E9A0E1-4E8A-590E-8727-6921889B500A}.Release|x64.ActiveCfg = Release|Any CPU
		{C5E9A0E1-4E8A-590E-8727-6921889B500A}.Release|x64.Build.0 = Release|Any CPU
		{C5E9A0E1-4E8A-590E-8727-6921889B500A}.Release|x86.ActiveCfg = Release|Any CPU
		{C5E9A0E1-4E8A-590E-8727-6921889B500A}.Release|x86.Build.0 = Release|Any CPU
		{E000BFBB-76A4-530A-82C4-E90B70260BC8}.Debug|Any CPU.ActiveCfg = Debug|Any CPU
		{E000BFBB-76A4-530A-82C4-E90B70260BC8}.Debug|Any CPU.Build.0 = Debug|Any CPU
		{E000BFBB-76A4-530A-82C4-E90B70260BC8}.Debug|x64.ActiveCfg = Debug|Any CPU
		{E000BFBB-76A4-530A-82C4-E90B70260BC8}.Debug|x64.Build.0 = Debug|Any CPU
		{E000BFBB-76A4-530A-82C4-E90B70260BC8}.Debug|x86.ActiveCfg = Debug|Any CPU
		{E000BFBB-76A4-530A-82C4-E90B70260BC8}.Debug|x86.Build.0 = Debug|Any CPU
		{E000BFBB-76A4-530A-82C4-E90B70260BC8}.Release|Any CPU.ActiveCfg = Release|Any CPU
		{E000BFBB-76A4-530A-82C4-E90B70260BC8}.Release|Any CPU.Build.0 = Release|Any CPU
		{E000BFBB-76A4-530A-82C4-E90B70260BC8}.Release|x64.ActiveCfg = Release|Any CPU
		{E000BFBB-76A4-530A-82C4-E90B70260BC8}.Release|x64.Build.0 = Release|Any CPU
		{E000BFBB-76A4-530A-82C4-E90B70260BC8}.Release|x86.ActiveCfg = Release|Any CPU
		{E000BFBB-76A4-530A-82C4-E90B70260BC8}.Release|x86.Build.0 = Release|Any CPU
		{9F3C5A93-1C88-5100-ADBE-3675779E951F}.Debug|Any CPU.ActiveCfg = Debug|Any CPU
		{9F3C5A93-1C88-5100-ADBE-3675779E951F}.Debug|Any CPU.Build.0 = Debug|Any CPU
		{9F3C5A93-1C88-5100-ADBE-3675779E951F}.Debug|x64.ActiveCfg = Debug|Any CPU
		{9F3C5A93-1C88-5100-ADBE-3675779E951F}.Debug|x64.Build.0 = Debug|Any CPU
		{9F3C5A93-1C88-5100-ADBE-3675779E951F}.Debug|x86.ActiveCfg = Debug|Any CPU
		{9F3C5A93-1C88-5100-ADBE-3675779E951F}.Debug|x86.Build.0 = Debug|Any CPU
		{9F3C5A93-1C88-5100-ADBE-3675779E951F}.Release|Any CPU.ActiveCfg = Release|Any CPU
		{9F3C5A93-1C88-5100-ADBE-3675779E951F}.Release|Any CPU.Build.0 = Release|Any CPU
		{9F3C5A93-1C88-5100-ADBE-3675779E951F}.Release|x64.ActiveCfg = Release|Any CPU
		{9F3C5A93-1C88-5100-ADBE-3675779E951F}.Release|x64.Build.0 = Release|Any CPU
		{9F3C5A93-1C88-5100-ADBE-3675779E951F}.Release|x86.ActiveCfg = Release|Any CPU
		{9F3C5A93-1C88-5100-ADBE-3675779E951F}.Release|x86.Build.0 = Release|Any CPU
		{3E801E0F-B10D-533D-A25C-60E03B7EA5B0}.Debug|Any CPU.ActiveCfg = Debug|Any CPU
		{3E801E0F-B10D-533D-A25C-60E03B7EA5B0}.Debug|Any CPU.Build.0 = Debug|Any CPU
		{3E801E0F-B10D-533D-A25C-60E03B7EA5B0}.Debug|x64.ActiveCfg = Debug|Any CPU
		{3E801E0F-B10D-533D-A25C-60E03B7EA5B0}.Debug|x64.Build.0 = Debug|Any CPU
		{3E801E0F-B10D-533D-A25C-60E03B7EA5B0}.Debug|x86.ActiveCfg = Debug|Any CPU
		{3E801E0F-B10D-533D-A25C-60E03B7EA5B0}.Debug|x86.Build.0 = Debug|Any CPU
		{3E801E0F-B10D-533D-A25C-60E03B7EA5B0}.Release|Any CPU.ActiveCfg = Release|Any CPU
		{3E801E0F-B10D-533D-A25C-60E03B7EA5B0}.Release|Any CPU.Build.0 = Release|Any CPU
		{3E801E0F-B10D-533D-A25C-60E03B7EA5B0}.Release|x64.ActiveCfg = Release|Any CPU
		{3E801E0F-B10D-533D-A25C-60E03B7EA5B0}.Release|x64.Build.0 = Release|Any CPU
		{3E801E0F-B10D-533D-A25C-60E03B7EA5B0}.Release|x86.ActiveCfg = Release|Any CPU
		{3E801E0F-B10D-533D-A25C-60E03B7EA5B0}.Release|x86.Build.0 = Release|Any CPU
		{A1743708-4A7C-5133-BE8D-FDCA3C3BF4E0}.Debug|Any CPU.ActiveCfg = Debug|Any CPU
		{A1743708-4A7C-5133-BE8D-FDCA3C3BF4E0}.Debug|Any CPU.Build.0 = Debug|Any CPU
		{A1743708-4A7C-5133-BE8D-FDCA3C3BF4E0}.Debug|x64.ActiveCfg = Debug|Any CPU
		{A1743708-4A7C-5133-BE8D-FDCA3C3BF4E0}.Debug|x64.Build.0 = Debug|Any CPU
		{A1743708-4A7C-5133-BE8D-FDCA3C3BF4E0}.Debug|x86.ActiveCfg = Debug|Any CPU
		{A1743708-4A7C-5133-BE8D-FDCA3C3BF4E0}.Debug|x86.Build.0 = Debug|Any CPU
		{A1743708-4A7C-5133-BE8D-FDCA3C3BF4E0}.Release|Any CPU.ActiveCfg = Release|Any CPU
		{A1743708-4A7C-5133-BE8D-FDCA3C3BF4E0}.Release|Any CPU.Build.0 = Release|Any CPU
		{A1743708-4A7C-5133-BE8D-FDCA3C3BF4E0}.Release|x64.ActiveCfg = Release|Any CPU
		{A1743708-4A7C-5133-BE8D-FDCA3C3BF4E0}.Release|x64.Build.0 = Release|Any CPU
		{A1743708-4A7C-5133-BE8D-FDCA3C3BF4E0}.Release|x86.ActiveCfg = Release|Any CPU
		{A1743708-4A7C-5133-BE8D-FDCA3C3BF4E0}.Release|x86.Build.0 = Release|Any CPU
		{612182A5-7839-5DB6-A023-5CBC03858F88}.Debug|Any CPU.ActiveCfg = Debug|Any CPU
		{612182A5-7839-5DB6-A023-5CBC03858F88}.Debug|Any CPU.Build.0 = Debug|Any CPU
		{612182A5-7839-5DB6-A023-5CBC03858F88}.Debug|x64.ActiveCfg = Debug|Any CPU
		{612182A5-7839-5DB6-A023-5CBC03858F88}.Debug|x64.Build.0 = Debug|Any CPU
		{612182A5-7839-5DB6-A023-5CBC03858F88}.Debug|x86.ActiveCfg = Debug|Any CPU
		{612182A5-7839-5DB6-A023-5CBC03858F88}.Debug|x86.Build.0 = Debug|Any CPU
		{612182A5-7839-5DB6-A023-5CBC03858F88}.Release|Any CPU.ActiveCfg = Release|Any CPU
		{612182A5-7839-5DB6-A023-5CBC03858F88}.Release|Any CPU.Build.0 = Release|Any CPU
		{612182A5-7839-5DB6-A023-5CBC03858F88}.Release|x64.ActiveCfg = Release|Any CPU
		{612182A5-7839-5DB6-A023-5CBC03858F88}.Release|x64.Build.0 = Release|Any CPU
		{612182A5-7839-5DB6-A023-5CBC03858F88}.Release|x86.ActiveCfg = Release|Any CPU
		{612182A5-7839-5DB6-A023-5CBC03858F88}.Release|x86.Build.0 = Release|Any CPU
		{594EB6A1-D721-5CA6-AF69-F1D9AE69555C}.Debug|Any CPU.ActiveCfg = Debug|Any CPU
		{594EB6A1-D721-5CA6-AF69-F1D9AE69555C}.Debug|Any CPU.Build.0 = Debug|Any CPU
		{594EB6A1-D721-5CA6-AF69-F1D9AE69555C}.Debug|x64.ActiveCfg = Debug|Any CPU
		{594EB6A1-D721-5CA6-AF69-F1D9AE69555C}.Debug|x64.Build.0 = Debug|Any CPU
		{594EB6A1-D721-5CA6-AF69-F1D9AE69555C}.Debug|x86.ActiveCfg = Debug|Any CPU
		{594EB6A1-D721-5CA6-AF69-F1D9AE69555C}.Debug|x86.Build.0 = Debug|Any CPU
		{594EB6A1-D721-5CA6-AF69-F1D9AE69555C}.Release|Any CPU.ActiveCfg = Release|Any CPU
		{594EB6A1-D721-5CA6-AF69-F1D9AE69555C}.Release|Any CPU.Build.0 = Release|Any CPU
		{594EB6A1-D721-5CA6-AF69-F1D9AE69555C}.Release|x64.ActiveCfg = Release|Any CPU
		{594EB6A1-D721-5CA6-AF69-F1D9AE69555C}.Release|x64.Build.0 = Release|Any CPU
		{594EB6A1-D721-5CA6-AF69-F1D9AE69555C}.Release|x86.ActiveCfg = Release|Any CPU
		{594EB6A1-D721-5CA6-AF69-F1D9AE69555C}.Release|x86.Build.0 = Release|Any CPU
		{AA9827FD-CE0E-5025-AEC8-B5BB743DC544}.Debug|Any CPU.ActiveCfg = Debug|Any CPU
		{AA9827FD-CE0E-5025-AEC8-B5BB743DC544}.Debug|Any CPU.Build.0 = Debug|Any CPU
		{AA9827FD-CE0E-5025-AEC8-B5BB743DC544}.Debug|x64.ActiveCfg = Debug|Any CPU
		{AA9827FD-CE0E-5025-AEC8-B5BB743DC544}.Debug|x64.Build.0 = Debug|Any CPU
		{AA9827FD-CE0E-5025-AEC8-B5BB743DC544}.Debug|x86.ActiveCfg = Debug|Any CPU
		{AA9827FD-CE0E-5025-AEC8-B5BB743DC544}.Debug|x86.Build.0 = Debug|Any CPU
		{AA9827FD-CE0E-5025-AEC8-B5BB743DC544}.Release|Any CPU.ActiveCfg = Release|Any CPU
		{AA9827FD-CE0E-5025-AEC8-B5BB743DC544}.Release|Any CPU.Build.0 = Release|Any CPU
		{AA9827FD-CE0E-5025-AEC8-B5BB743DC544}.Release|x64.ActiveCfg = Release|Any CPU
		{AA9827FD-CE0E-5025-AEC8-B5BB743DC544}.Release|x64.Build.0 = Release|Any CPU
		{AA9827FD-CE0E-5025-AEC8-B5BB743DC544}.Release|x86.ActiveCfg = Release|Any CPU
		{AA9827FD-CE0E-5025-AEC8-B5BB743DC544}.Release|x86.Build.0 = Release|Any CPU
		{8643946A-6ACC-51DD-A6F7-24E04D8BDF0B}.Debug|Any CPU.ActiveCfg = Debug|Any CPU
		{8643946A-6ACC-51DD-A6F7-24E04D8BDF0B}.Debug|Any CPU.Build.0 = Debug|Any CPU
		{8643946A-6ACC-51DD-A6F7-24E04D8BDF0B}.Debug|x64.ActiveCfg = Debug|Any CPU
		{8643946A-6ACC-51DD-A6F7-24E04D8BDF0B}.Debug|x64.Build.0 = Debug|Any CPU
		{8643946A-6ACC-51DD-A6F7-24E04D8BDF0B}.Debug|x86.ActiveCfg = Debug|Any CPU
		{8643946A-6ACC-51DD-A6F7-24E04D8BDF0B}.Debug|x86.Build.0 = Debug|Any CPU
		{8643946A-6ACC-51DD-A6F7-24E04D8BDF0B}.Release|Any CPU.ActiveCfg = Release|Any CPU
		{8643946A-6ACC-51DD-A6F7-24E04D8BDF0B}.Release|Any CPU.Build.0 = Release|Any CPU
		{8643946A-6ACC-51DD-A6F7-24E04D8BDF0B}.Release|x64.ActiveCfg = Release|Any CPU
		{8643946A-6ACC-51DD-A6F7-24E04D8BDF0B}.Release|x64.Build.0 = Release|Any CPU
		{8643946A-6ACC-51DD-A6F7-24E04D8BDF0B}.Release|x86.ActiveCfg = Release|Any CPU
		{8643946A-6ACC-51DD-A6F7-24E04D8BDF0B}.Release|x86.Build.0 = Release|Any CPU
		{690E6D8C-8E37-5BCC-BDD9-9C0632248BE1}.Debug|Any CPU.ActiveCfg = Debug|Any CPU
		{690E6D8C-8E37-5BCC-BDD9-9C0632248BE1}.Debug|Any CPU.Build.0 = Debug|Any CPU
		{690E6D8C-8E37-5BCC-BDD9-9C0632248BE1}.Debug|x64.ActiveCfg = Debug|Any CPU
		{690E6D8C-8E37-5BCC-BDD9-9C0632248BE1}.Debug|x64.Build.0 = Debug|Any CPU
		{690E6D8C-8E37-5BCC-BDD9-9C0632248BE1}.Debug|x86.ActiveCfg = Debug|Any CPU
		{690E6D8C-8E37-5BCC-BDD9-9C0632248BE1}.Debug|x86.Build.0 = Debug|Any CPU
		{690E6D8C-8E37-5BCC-BDD9-9C0632248BE1}.Release|Any CPU.ActiveCfg = Release|Any CPU
		{690E6D8C-8E37-5BCC-BDD9-9C0632248BE1}.Release|Any CPU.Build.0 = Release|Any CPU
		{690E6D8C-8E37-5BCC-BDD9-9C0632248BE1}.Release|x64.ActiveCfg = Release|Any CPU
		{690E6D8C-8E37-5BCC-BDD9-9C0632248BE1}.Release|x64.Build.0 = Release|Any CPU
		{690E6D8C-8E37-5BCC-BDD9-9C0632248BE1}.Release|x86.ActiveCfg = Release|Any CPU
		{690E6D8C-8E37-5BCC-BDD9-9C0632248BE1}.Release|x86.Build.0 = Release|Any CPU
		{8E2FE5C2-05DE-5B2F-8C33-7DC347531540}.Debug|Any CPU.ActiveCfg = Debug|Any CPU
		{8E2FE5C2-05DE-5B2F-8C33-7DC347531540}.Debug|Any CPU.Build.0 = Debug|Any CPU
		{8E2FE5C2-05DE-5B2F-8C33-7DC347531540}.Debug|x64.ActiveCfg = Debug|Any CPU
		{8E2FE5C2-05DE-5B2F-8C33-7DC347531540}.Debug|x64.Build.0 = Debug|Any CPU
		{8E2FE5C2-05DE-5B2F-8C33-7DC347531540}.Debug|x86.ActiveCfg = Debug|Any CPU
		{8E2FE5C2-05DE-5B2F-8C33-7DC347531540}.Debug|x86.Build.0 = Debug|Any CPU
		{8E2FE5C2-05DE-5B2F-8C33-7DC347531540}.Release|Any CPU.ActiveCfg = Release|Any CPU
		{8E2FE5C2-05DE-5B2F-8C33-7DC347531540}.Release|Any CPU.Build.0 = Release|Any CPU
		{8E2FE5C2-05DE-5B2F-8C33-7DC347531540}.Release|x64.ActiveCfg = Release|Any CPU
		{8E2FE5C2-05DE-5B2F-8C33-7DC347531540}.Release|x64.Build.0 = Release|Any CPU
		{8E2FE5C2-05DE-5B2F-8C33-7DC347531540}.Release|x86.ActiveCfg = Release|Any CPU
		{8E2FE5C2-05DE-5B2F-8C33-7DC347531540}.Release|x86.Build.0 = Release|Any CPU
		{7D36DE0A-D535-5FEF-8200-FAFAF5523F1C}.Debug|Any CPU.ActiveCfg = Debug|Any CPU
		{7D36DE0A-D535-5FEF-8200-FAFAF5523F1C}.Debug|Any CPU.Build.0 = Debug|Any CPU
		{7D36DE0A-D535-5FEF-8200-FAFAF5523F1C}.Debug|x64.ActiveCfg = Debug|Any CPU
		{7D36DE0A-D535-5FEF-8200-FAFAF5523F1C}.Debug|x64.Build.0 = Debug|Any CPU
		{7D36DE0A-D535-5FEF-8200-FAFAF5523F1C}.Debug|x86.ActiveCfg = Debug|Any CPU
		{7D36DE0A-D535-5FEF-8200-FAFAF5523F1C}.Debug|x86.Build.0 = Debug|Any CPU
		{7D36DE0A-D535-5FEF-8200-FAFAF5523F1C}.Release|Any CPU.ActiveCfg = Release|Any CPU
		{7D36DE0A-D535-5FEF-8200-FAFAF5523F1C}.Release|Any CPU.Build.0 = Release|Any CPU
		{7D36DE0A-D535-5FEF-8200-FAFAF5523F1C}.Release|x64.ActiveCfg = Release|Any CPU
		{7D36DE0A-D535-5FEF-8200-FAFAF5523F1C}.Release|x64.Build.0 = Release|Any CPU
		{7D36DE0A-D535-5FEF-8200-FAFAF5523F1C}.Release|x86.ActiveCfg = Release|Any CPU
		{7D36DE0A-D535-5FEF-8200-FAFAF5523F1C}.Release|x86.Build.0 = Release|Any CPU
		{E69D8F11-E9D7-586E-9225-4EC4B33FED15}.Debug|Any CPU.ActiveCfg = Debug|Any CPU
		{E69D8F11-E9D7-586E-9225-4EC4B33FED15}.Debug|Any CPU.Build.0 = Debug|Any CPU
		{E69D8F11-E9D7-586E-9225-4EC4B33FED15}.Debug|x64.ActiveCfg = Debug|Any CPU
		{E69D8F11-E9D7-586E-9225-4EC4B33FED15}.Debug|x64.Build.0 = Debug|Any CPU
		{E69D8F11-E9D7-586E-9225-4EC4B33FED15}.Debug|x86.ActiveCfg = Debug|Any CPU
		{E69D8F11-E9D7-586E-9225-4EC4B33FED15}.Debug|x86.Build.0 = Debug|Any CPU
		{E69D8F11-E9D7-586E-9225-4EC4B33FED15}.Release|Any CPU.ActiveCfg = Release|Any CPU
		{E69D8F11-E9D7-586E-9225-4EC4B33FED15}.Release|Any CPU.Build.0 = Release|Any CPU
		{E69D8F11-E9D7-586E-9225-4EC4B33FED15}.Release|x64.ActiveCfg = Release|Any CPU
		{E69D8F11-E9D7-586E-9225-4EC4B33FED15}.Release|x64.Build.0 = Release|Any CPU
		{E69D8F11-E9D7-586E-9225-4EC4B33FED15}.Release|x86.ActiveCfg = Release|Any CPU
		{E69D8F11-E9D7-586E-9225-4EC4B33FED15}.Release|x86.Build.0 = Release|Any CPU
		{FA64A76B-F8EA-5731-AB78-AD2657F729FE}.Debug|Any CPU.ActiveCfg = Debug|Any CPU
		{FA64A76B-F8EA-5731-AB78-AD2657F729FE}.Debug|Any CPU.Build.0 = Debug|Any CPU
		{FA64A76B-F8EA-5731-AB78-AD2657F729FE}.Debug|x64.ActiveCfg = Debug|Any CPU
		{FA64A76B-F8EA-5731-AB78-AD2657F729FE}.Debug|x64.Build.0 = Debug|Any CPU
		{FA64A76B-F8EA-5731-AB78-AD2657F729FE}.Debug|x86.ActiveCfg = Debug|Any CPU
		{FA64A76B-F8EA-5731-AB78-AD2657F729FE}.Debug|x86.Build.0 = Debug|Any CPU
		{FA64A76B-F8EA-5731-AB78-AD2657F729FE}.Release|Any CPU.ActiveCfg = Release|Any CPU
		{FA64A76B-F8EA-5731-AB78-AD2657F729FE}.Release|Any CPU.Build.0 = Release|Any CPU
		{FA64A76B-F8EA-5731-AB78-AD2657F729FE}.Release|x64.ActiveCfg = Release|Any CPU
		{FA64A76B-F8EA-5731-AB78-AD2657F729FE}.Release|x64.Build.0 = Release|Any CPU
		{FA64A76B-F8EA-5731-AB78-AD2657F729FE}.Release|x86.ActiveCfg = Release|Any CPU
		{FA64A76B-F8EA-5731-AB78-AD2657F729FE}.Release|x86.Build.0 = Release|Any CPU
		{C722C420-C122-5073-842A-3EF0538DB9F5}.Debug|Any CPU.ActiveCfg = Debug|Any CPU
		{C722C420-C122-5073-842A-3EF0538DB9F5}.Debug|Any CPU.Build.0 = Debug|Any CPU
		{C722C420-C122-5073-842A-3EF0538DB9F5}.Debug|x64.ActiveCfg = Debug|Any CPU
		{C722C420-C122-5073-842A-3EF0538DB9F5}.Debug|x64.Build.0 = Debug|Any CPU
		{C722C420-C122-5073-842A-3EF0538DB9F5}.Debug|x86.ActiveCfg = Debug|Any CPU
		{C722C420-C122-5073-842A-3EF0538DB9F5}.Debug|x86.Build.0 = Debug|Any CPU
		{C722C420-C122-5073-842A-3EF0538DB9F5}.Release|Any CPU.ActiveCfg = Release|Any CPU
		{C722C420-C122-5073-842A-3EF0538DB9F5}.Release|Any CPU.Build.0 = Release|Any CPU
		{C722C420-C122-5073-842A-3EF0538DB9F5}.Release|x64.ActiveCfg = Release|Any CPU
		{C722C420-C122-5073-842A-3EF0538DB9F5}.Release|x64.Build.0 = Release|Any CPU
		{C722C420-C122-5073-842A-3EF0538DB9F5}.Release|x86.ActiveCfg = Release|Any CPU
		{C722C420-C122-5073-842A-3EF0538DB9F5}.Release|x86.Build.0 = Release|Any CPU
		{B3B08FFE-CAD3-58B8-8B87-9E4CA050C551}.Debug|Any CPU.ActiveCfg = Debug|Any CPU
		{B3B08FFE-CAD3-58B8-8B87-9E4CA050C551}.Debug|Any CPU.Build.0 = Debug|Any CPU
		{B3B08FFE-CAD3-58B8-8B87-9E4CA050C551}.Debug|x64.ActiveCfg = Debug|Any CPU
		{B3B08FFE-CAD3-58B8-8B87-9E4CA050C551}.Debug|x64.Build.0 = Debug|Any CPU
		{B3B08FFE-CAD3-58B8-8B87-9E4CA050C551}.Debug|x86.ActiveCfg = Debug|Any CPU
		{B3B08FFE-CAD3-58B8-8B87-9E4CA050C551}.Debug|x86.Build.0 = Debug|Any CPU
		{B3B08FFE-CAD3-58B8-8B87-9E4CA050C551}.Release|Any CPU.ActiveCfg = Release|Any CPU
		{B3B08FFE-CAD3-58B8-8B87-9E4CA050C551}.Release|Any CPU.Build.0 = Release|Any CPU
		{B3B08FFE-CAD3-58B8-8B87-9E4CA050C551}.Release|x64.ActiveCfg = Release|Any CPU
		{B3B08FFE-CAD3-58B8-8B87-9E4CA050C551}.Release|x64.Build.0 = Release|Any CPU
		{B3B08FFE-CAD3-58B8-8B87-9E4CA050C551}.Release|x86.ActiveCfg = Release|Any CPU
		{B3B08FFE-CAD3-58B8-8B87-9E4CA050C551}.Release|x86.Build.0 = Release|Any CPU
		{8CCDDBDB-7FAE-5B00-AFE9-246DB60B70BF}.Debug|Any CPU.ActiveCfg = Debug|Any CPU
		{8CCDDBDB-7FAE-5B00-AFE9-246DB60B70BF}.Debug|Any CPU.Build.0 = Debug|Any CPU
		{8CCDDBDB-7FAE-5B00-AFE9-246DB60B70BF}.Debug|x64.ActiveCfg = Debug|Any CPU
		{8CCDDBDB-7FAE-5B00-AFE9-246DB60B70BF}.Debug|x64.Build.0 = Debug|Any CPU
		{8CCDDBDB-7FAE-5B00-AFE9-246DB60B70BF}.Debug|x86.ActiveCfg = Debug|Any CPU
		{8CCDDBDB-7FAE-5B00-AFE9-246DB60B70BF}.Debug|x86.Build.0 = Debug|Any CPU
		{8CCDDBDB-7FAE-5B00-AFE9-246DB60B70BF}.Release|Any CPU.ActiveCfg = Release|Any CPU
		{8CCDDBDB-7FAE-5B00-AFE9-246DB60B70BF}.Release|Any CPU.Build.0 = Release|Any CPU
		{8CCDDBDB-7FAE-5B00-AFE9-246DB60B70BF}.Release|x64.ActiveCfg = Release|Any CPU
		{8CCDDBDB-7FAE-5B00-AFE9-246DB60B70BF}.Release|x64.Build.0 = Release|Any CPU
		{8CCDDBDB-7FAE-5B00-AFE9-246DB60B70BF}.Release|x86.ActiveCfg = Release|Any CPU
		{8CCDDBDB-7FAE-5B00-AFE9-246DB60B70BF}.Release|x86.Build.0 = Release|Any CPU
		{C00C0E54-EC21-59F8-B24B-D25D5244DC9B}.Debug|Any CPU.ActiveCfg = Debug|Any CPU
		{C00C0E54-EC21-59F8-B24B-D25D5244DC9B}.Debug|Any CPU.Build.0 = Debug|Any CPU
		{C00C0E54-EC21-59F8-B24B-D25D5244DC9B}.Debug|x64.ActiveCfg = Debug|Any CPU
		{C00C0E54-EC21-59F8-B24B-D25D5244DC9B}.Debug|x64.Build.0 = Debug|Any CPU
		{C00C0E54-EC21-59F8-B24B-D25D5244DC9B}.Debug|x86.ActiveCfg = Debug|Any CPU
		{C00C0E54-EC21-59F8-B24B-D25D5244DC9B}.Debug|x86.Build.0 = Debug|Any CPU
		{C00C0E54-EC21-59F8-B24B-D25D5244DC9B}.Release|Any CPU.ActiveCfg = Release|Any CPU
		{C00C0E54-EC21-59F8-B24B-D25D5244DC9B}.Release|Any CPU.Build.0 = Release|Any CPU
		{C00C0E54-EC21-59F8-B24B-D25D5244DC9B}.Release|x64.ActiveCfg = Release|Any CPU
		{C00C0E54-EC21-59F8-B24B-D25D5244DC9B}.Release|x64.Build.0 = Release|Any CPU
		{C00C0E54-EC21-59F8-B24B-D25D5244DC9B}.Release|x86.ActiveCfg = Release|Any CPU
		{C00C0E54-EC21-59F8-B24B-D25D5244DC9B}.Release|x86.Build.0 = Release|Any CPU
		{9B7146A8-9A6B-5E02-9897-DB171C5700D9}.Debug|Any CPU.ActiveCfg = Debug|Any CPU
		{9B7146A8-9A6B-5E02-9897-DB171C5700D9}.Debug|Any CPU.Build.0 = Debug|Any CPU
		{9B7146A8-9A6B-5E02-9897-DB171C5700D9}.Debug|x64.ActiveCfg = Debug|Any CPU
		{9B7146A8-9A6B-5E02-9897-DB171C5700D9}.Debug|x64.Build.0 = Debug|Any CPU
		{9B7146A8-9A6B-5E02-9897-DB171C5700D9}.Debug|x86.ActiveCfg = Debug|Any CPU
		{9B7146A8-9A6B-5E02-9897-DB171C5700D9}.Debug|x86.Build.0 = Debug|Any CPU
		{9B7146A8-9A6B-5E02-9897-DB171C5700D9}.Release|Any CPU.ActiveCfg = Release|Any CPU
		{9B7146A8-9A6B-5E02-9897-DB171C5700D9}.Release|Any CPU.Build.0 = Release|Any CPU
		{9B7146A8-9A6B-5E02-9897-DB171C5700D9}.Release|x64.ActiveCfg = Release|Any CPU
		{9B7146A8-9A6B-5E02-9897-DB171C5700D9}.Release|x64.Build.0 = Release|Any CPU
		{9B7146A8-9A6B-5E02-9897-DB171C5700D9}.Release|x86.ActiveCfg = Release|Any CPU
		{9B7146A8-9A6B-5E02-9897-DB171C5700D9}.Release|x86.Build.0 = Release|Any CPU
		{E30121E7-16E1-5855-8D55-EE864FB87981}.Debug|Any CPU.ActiveCfg = Debug|Any CPU
		{E30121E7-16E1-5855-8D55-EE864FB87981}.Debug|Any CPU.Build.0 = Debug|Any CPU
		{E30121E7-16E1-5855-8D55-EE864FB87981}.Debug|x64.ActiveCfg = Debug|Any CPU
		{E30121E7-16E1-5855-8D55-EE864FB87981}.Debug|x64.Build.0 = Debug|Any CPU
		{E30121E7-16E1-5855-8D55-EE864FB87981}.Debug|x86.ActiveCfg = Debug|Any CPU
		{E30121E7-16E1-5855-8D55-EE864FB87981}.Debug|x86.Build.0 = Debug|Any CPU
		{E30121E7-16E1-5855-8D55-EE864FB87981}.Release|Any CPU.ActiveCfg = Release|Any CPU
		{E30121E7-16E1-5855-8D55-EE864FB87981}.Release|Any CPU.Build.0 = Release|Any CPU
		{E30121E7-16E1-5855-8D55-EE864FB87981}.Release|x64.ActiveCfg = Release|Any CPU
		{E30121E7-16E1-5855-8D55-EE864FB87981}.Release|x64.Build.0 = Release|Any CPU
		{E30121E7-16E1-5855-8D55-EE864FB87981}.Release|x86.ActiveCfg = Release|Any CPU
		{E30121E7-16E1-5855-8D55-EE864FB87981}.Release|x86.Build.0 = Release|Any CPU
		{BDDAA1EB-FB7F-522F-8EA1-AB3419945CD6}.Debug|Any CPU.ActiveCfg = Debug|Any CPU
		{BDDAA1EB-FB7F-522F-8EA1-AB3419945CD6}.Debug|Any CPU.Build.0 = Debug|Any CPU
		{BDDAA1EB-FB7F-522F-8EA1-AB3419945CD6}.Debug|x64.ActiveCfg = Debug|Any CPU
		{BDDAA1EB-FB7F-522F-8EA1-AB3419945CD6}.Debug|x64.Build.0 = Debug|Any CPU
		{BDDAA1EB-FB7F-522F-8EA1-AB3419945CD6}.Debug|x86.ActiveCfg = Debug|Any CPU
		{BDDAA1EB-FB7F-522F-8EA1-AB3419945CD6}.Debug|x86.Build.0 = Debug|Any CPU
		{BDDAA1EB-FB7F-522F-8EA1-AB3419945CD6}.Release|Any CPU.ActiveCfg = Release|Any CPU
		{BDDAA1EB-FB7F-522F-8EA1-AB3419945CD6}.Release|Any CPU.Build.0 = Release|Any CPU
		{BDDAA1EB-FB7F-522F-8EA1-AB3419945CD6}.Release|x64.ActiveCfg = Release|Any CPU
		{BDDAA1EB-FB7F-522F-8EA1-AB3419945CD6}.Release|x64.Build.0 = Release|Any CPU
		{BDDAA1EB-FB7F-522F-8EA1-AB3419945CD6}.Release|x86.ActiveCfg = Release|Any CPU
		{BDDAA1EB-FB7F-522F-8EA1-AB3419945CD6}.Release|x86.Build.0 = Release|Any CPU
		{23454E69-D5AF-5604-9773-C6298587B3E8}.Debug|Any CPU.ActiveCfg = Debug|Any CPU
		{23454E69-D5AF-5604-9773-C6298587B3E8}.Debug|Any CPU.Build.0 = Debug|Any CPU
		{23454E69-D5AF-5604-9773-C6298587B3E8}.Debug|x64.ActiveCfg = Debug|Any CPU
		{23454E69-D5AF-5604-9773-C6298587B3E8}.Debug|x64.Build.0 = Debug|Any CPU
		{23454E69-D5AF-5604-9773-C6298587B3E8}.Debug|x86.ActiveCfg = Debug|Any CPU
		{23454E69-D5AF-5604-9773-C6298587B3E8}.Debug|x86.Build.0 = Debug|Any CPU
		{23454E69-D5AF-5604-9773-C6298587B3E8}.Release|Any CPU.ActiveCfg = Release|Any CPU
		{23454E69-D5AF-5604-9773-C6298587B3E8}.Release|Any CPU.Build.0 = Release|Any CPU
		{23454E69-D5AF-5604-9773-C6298587B3E8}.Release|x64.ActiveCfg = Release|Any CPU
		{23454E69-D5AF-5604-9773-C6298587B3E8}.Release|x64.Build.0 = Release|Any CPU
		{23454E69-D5AF-5604-9773-C6298587B3E8}.Release|x86.ActiveCfg = Release|Any CPU
		{23454E69-D5AF-5604-9773-C6298587B3E8}.Release|x86.Build.0 = Release|Any CPU
		{295E5222-F735-540A-A3AD-61FC67785D3A}.Debug|Any CPU.ActiveCfg = Debug|Any CPU
		{295E5222-F735-540A-A3AD-61FC67785D3A}.Debug|Any CPU.Build.0 = Debug|Any CPU
		{295E5222-F735-540A-A3AD-61FC67785D3A}.Debug|x64.ActiveCfg = Debug|Any CPU
		{295E5222-F735-540A-A3AD-61FC67785D3A}.Debug|x64.Build.0 = Debug|Any CPU
		{295E5222-F735-540A-A3AD-61FC67785D3A}.Debug|x86.ActiveCfg = Debug|Any CPU
		{295E5222-F735-540A-A3AD-61FC67785D3A}.Debug|x86.Build.0 = Debug|Any CPU
		{295E5222-F735-540A-A3AD-61FC67785D3A}.Release|Any CPU.ActiveCfg = Release|Any CPU
		{295E5222-F735-540A-A3AD-61FC67785D3A}.Release|Any CPU.Build.0 = Release|Any CPU
		{295E5222-F735-540A-A3AD-61FC67785D3A}.Release|x64.ActiveCfg = Release|Any CPU
		{295E5222-F735-540A-A3AD-61FC67785D3A}.Release|x64.Build.0 = Release|Any CPU
		{295E5222-F735-540A-A3AD-61FC67785D3A}.Release|x86.ActiveCfg = Release|Any CPU
		{295E5222-F735-540A-A3AD-61FC67785D3A}.Release|x86.Build.0 = Release|Any CPU
		{B9528DFB-D020-5EBA-93A9-C104C01323F7}.Debug|Any CPU.ActiveCfg = Debug|Any CPU
		{B9528DFB-D020-5EBA-93A9-C104C01323F7}.Debug|Any CPU.Build.0 = Debug|Any CPU
		{B9528DFB-D020-5EBA-93A9-C104C01323F7}.Debug|x64.ActiveCfg = Debug|Any CPU
		{B9528DFB-D020-5EBA-93A9-C104C01323F7}.Debug|x64.Build.0 = Debug|Any CPU
		{B9528DFB-D020-5EBA-93A9-C104C01323F7}.Debug|x86.ActiveCfg = Debug|Any CPU
		{B9528DFB-D020-5EBA-93A9-C104C01323F7}.Debug|x86.Build.0 = Debug|Any CPU
		{B9528DFB-D020-5EBA-93A9-C104C01323F7}.Release|Any CPU.ActiveCfg = Release|Any CPU
		{B9528DFB-D020-5EBA-93A9-C104C01323F7}.Release|Any CPU.Build.0 = Release|Any CPU
		{B9528DFB-D020-5EBA-93A9-C104C01323F7}.Release|x64.ActiveCfg = Release|Any CPU
		{B9528DFB-D020-5EBA-93A9-C104C01323F7}.Release|x64.Build.0 = Release|Any CPU
		{B9528DFB-D020-5EBA-93A9-C104C01323F7}.Release|x86.ActiveCfg = Release|Any CPU
		{B9528DFB-D020-5EBA-93A9-C104C01323F7}.Release|x86.Build.0 = Release|Any CPU
		{4C5F8AAA-610F-5433-9E8B-C3A00D0FEBA0}.Debug|Any CPU.ActiveCfg = Debug|Any CPU
		{4C5F8AAA-610F-5433-9E8B-C3A00D0FEBA0}.Debug|Any CPU.Build.0 = Debug|Any CPU
		{4C5F8AAA-610F-5433-9E8B-C3A00D0FEBA0}.Debug|x64.ActiveCfg = Debug|Any CPU
		{4C5F8AAA-610F-5433-9E8B-C3A00D0FEBA0}.Debug|x64.Build.0 = Debug|Any CPU
		{4C5F8AAA-610F-5433-9E8B-C3A00D0FEBA0}.Debug|x86.ActiveCfg = Debug|Any CPU
		{4C5F8AAA-610F-5433-9E8B-C3A00D0FEBA0}.Debug|x86.Build.0 = Debug|Any CPU
		{4C5F8AAA-610F-5433-9E8B-C3A00D0FEBA0}.Release|Any CPU.ActiveCfg = Release|Any CPU
		{4C5F8AAA-610F-5433-9E8B-C3A00D0FEBA0}.Release|Any CPU.Build.0 = Release|Any CPU
		{4C5F8AAA-610F-5433-9E8B-C3A00D0FEBA0}.Release|x64.ActiveCfg = Release|Any CPU
		{4C5F8AAA-610F-5433-9E8B-C3A00D0FEBA0}.Release|x64.Build.0 = Release|Any CPU
		{4C5F8AAA-610F-5433-9E8B-C3A00D0FEBA0}.Release|x86.ActiveCfg = Release|Any CPU
		{4C5F8AAA-610F-5433-9E8B-C3A00D0FEBA0}.Release|x86.Build.0 = Release|Any CPU
		{AA0C00DD-AC98-5613-8EF3-9F1C1D094C5D}.Debug|Any CPU.ActiveCfg = Debug|Any CPU
		{AA0C00DD-AC98-5613-8EF3-9F1C1D094C5D}.Debug|Any CPU.Build.0 = Debug|Any CPU
		{AA0C00DD-AC98-5613-8EF3-9F1C1D094C5D}.Debug|x64.ActiveCfg = Debug|Any CPU
		{AA0C00DD-AC98-5613-8EF3-9F1C1D094C5D}.Debug|x64.Build.0 = Debug|Any CPU
		{AA0C00DD-AC98-5613-8EF3-9F1C1D094C5D}.Debug|x86.ActiveCfg = Debug|Any CPU
		{AA0C00DD-AC98-5613-8EF3-9F1C1D094C5D}.Debug|x86.Build.0 = Debug|Any CPU
		{AA0C00DD-AC98-5613-8EF3-9F1C1D094C5D}.Release|Any CPU.ActiveCfg = Release|Any CPU
		{AA0C00DD-AC98-5613-8EF3-9F1C1D094C5D}.Release|Any CPU.Build.0 = Release|Any CPU
		{AA0C00DD-AC98-5613-8EF3-9F1C1D094C5D}.Release|x64.ActiveCfg = Release|Any CPU
		{AA0C00DD-AC98-5613-8EF3-9F1C1D094C5D}.Release|x64.Build.0 = Release|Any CPU
		{AA0C00DD-AC98-5613-8EF3-9F1C1D094C5D}.Release|x86.ActiveCfg = Release|Any CPU
		{AA0C00DD-AC98-5613-8EF3-9F1C1D094C5D}.Release|x86.Build.0 = Release|Any CPU
		{A42BA509-C5DE-5BA4-BD5C-B282A8F9D6A0}.Debug|Any CPU.ActiveCfg = Debug|Any CPU
		{A42BA509-C5DE-5BA4-BD5C-B282A8F9D6A0}.Debug|Any CPU.Build.0 = Debug|Any CPU
		{A42BA509-C5DE-5BA4-BD5C-B282A8F9D6A0}.Debug|x64.ActiveCfg = Debug|Any CPU
		{A42BA509-C5DE-5BA4-BD5C-B282A8F9D6A0}.Debug|x64.Build.0 = Debug|Any CPU
		{A42BA509-C5DE-5BA4-BD5C-B282A8F9D6A0}.Debug|x86.ActiveCfg = Debug|Any CPU
		{A42BA509-C5DE-5BA4-BD5C-B282A8F9D6A0}.Debug|x86.Build.0 = Debug|Any CPU
		{A42BA509-C5DE-5BA4-BD5C-B282A8F9D6A0}.Release|Any CPU.ActiveCfg = Release|Any CPU
		{A42BA509-C5DE-5BA4-BD5C-B282A8F9D6A0}.Release|Any CPU.Build.0 = Release|Any CPU
		{A42BA509-C5DE-5BA4-BD5C-B282A8F9D6A0}.Release|x64.ActiveCfg = Release|Any CPU
		{A42BA509-C5DE-5BA4-BD5C-B282A8F9D6A0}.Release|x64.Build.0 = Release|Any CPU
		{A42BA509-C5DE-5BA4-BD5C-B282A8F9D6A0}.Release|x86.ActiveCfg = Release|Any CPU
		{A42BA509-C5DE-5BA4-BD5C-B282A8F9D6A0}.Release|x86.Build.0 = Release|Any CPU
		{DE838836-EFED-45F7-8B6E-F8A93F57C5FB}.Debug|Any CPU.ActiveCfg = Debug|Any CPU
		{DE838836-EFED-45F7-8B6E-F8A93F57C5FB}.Debug|Any CPU.Build.0 = Debug|Any CPU
		{DE838836-EFED-45F7-8B6E-F8A93F57C5FB}.Debug|x64.ActiveCfg = Debug|Any CPU
		{DE838836-EFED-45F7-8B6E-F8A93F57C5FB}.Debug|x64.Build.0 = Debug|Any CPU
		{DE838836-EFED-45F7-8B6E-F8A93F57C5FB}.Debug|x86.ActiveCfg = Debug|Any CPU
		{DE838836-EFED-45F7-8B6E-F8A93F57C5FB}.Debug|x86.Build.0 = Debug|Any CPU
		{DE838836-EFED-45F7-8B6E-F8A93F57C5FB}.Release|Any CPU.ActiveCfg = Release|Any CPU
		{DE838836-EFED-45F7-8B6E-F8A93F57C5FB}.Release|Any CPU.Build.0 = Release|Any CPU
		{DE838836-EFED-45F7-8B6E-F8A93F57C5FB}.Release|x64.ActiveCfg = Release|Any CPU
		{DE838836-EFED-45F7-8B6E-F8A93F57C5FB}.Release|x64.Build.0 = Release|Any CPU
		{DE838836-EFED-45F7-8B6E-F8A93F57C5FB}.Release|x86.ActiveCfg = Release|Any CPU
		{DE838836-EFED-45F7-8B6E-F8A93F57C5FB}.Release|x86.Build.0 = Release|Any CPU
		{D5AD07FB-7804-44D2-87C9-A5DBAC3C669E}.Debug|Any CPU.ActiveCfg = Debug|Any CPU
		{D5AD07FB-7804-44D2-87C9-A5DBAC3C669E}.Debug|Any CPU.Build.0 = Debug|Any CPU
		{D5AD07FB-7804-44D2-87C9-A5DBAC3C669E}.Debug|x64.ActiveCfg = Debug|Any CPU
		{D5AD07FB-7804-44D2-87C9-A5DBAC3C669E}.Debug|x64.Build.0 = Debug|Any CPU
		{D5AD07FB-7804-44D2-87C9-A5DBAC3C669E}.Debug|x86.ActiveCfg = Debug|Any CPU
		{D5AD07FB-7804-44D2-87C9-A5DBAC3C669E}.Debug|x86.Build.0 = Debug|Any CPU
		{D5AD07FB-7804-44D2-87C9-A5DBAC3C669E}.Release|Any CPU.ActiveCfg = Release|Any CPU
		{D5AD07FB-7804-44D2-87C9-A5DBAC3C669E}.Release|Any CPU.Build.0 = Release|Any CPU
		{D5AD07FB-7804-44D2-87C9-A5DBAC3C669E}.Release|x64.ActiveCfg = Release|Any CPU
		{D5AD07FB-7804-44D2-87C9-A5DBAC3C669E}.Release|x64.Build.0 = Release|Any CPU
		{D5AD07FB-7804-44D2-87C9-A5DBAC3C669E}.Release|x86.ActiveCfg = Release|Any CPU
		{D5AD07FB-7804-44D2-87C9-A5DBAC3C669E}.Release|x86.Build.0 = Release|Any CPU
		{0749DDB7-E5AC-4BD4-A9A6-02E5FDDCAD75}.Debug|Any CPU.ActiveCfg = Debug|Any CPU
		{0749DDB7-E5AC-4BD4-A9A6-02E5FDDCAD75}.Debug|Any CPU.Build.0 = Debug|Any CPU
		{0749DDB7-E5AC-4BD4-A9A6-02E5FDDCAD75}.Debug|x64.ActiveCfg = Debug|Any CPU
		{0749DDB7-E5AC-4BD4-A9A6-02E5FDDCAD75}.Debug|x64.Build.0 = Debug|Any CPU
		{0749DDB7-E5AC-4BD4-A9A6-02E5FDDCAD75}.Debug|x86.ActiveCfg = Debug|Any CPU
		{0749DDB7-E5AC-4BD4-A9A6-02E5FDDCAD75}.Debug|x86.Build.0 = Debug|Any CPU
		{0749DDB7-E5AC-4BD4-A9A6-02E5FDDCAD75}.Release|Any CPU.ActiveCfg = Release|Any CPU
		{0749DDB7-E5AC-4BD4-A9A6-02E5FDDCAD75}.Release|Any CPU.Build.0 = Release|Any CPU
		{0749DDB7-E5AC-4BD4-A9A6-02E5FDDCAD75}.Release|x64.ActiveCfg = Release|Any CPU
		{0749DDB7-E5AC-4BD4-A9A6-02E5FDDCAD75}.Release|x64.Build.0 = Release|Any CPU
		{0749DDB7-E5AC-4BD4-A9A6-02E5FDDCAD75}.Release|x86.ActiveCfg = Release|Any CPU
		{0749DDB7-E5AC-4BD4-A9A6-02E5FDDCAD75}.Release|x86.Build.0 = Release|Any CPU
		{88D37A9C-A6B7-4199-B316-500751DA12AC}.Debug|Any CPU.ActiveCfg = Debug|Any CPU
		{88D37A9C-A6B7-4199-B316-500751DA12AC}.Debug|Any CPU.Build.0 = Debug|Any CPU
		{88D37A9C-A6B7-4199-B316-500751DA12AC}.Debug|x64.ActiveCfg = Debug|Any CPU
		{88D37A9C-A6B7-4199-B316-500751DA12AC}.Debug|x64.Build.0 = Debug|Any CPU
		{88D37A9C-A6B7-4199-B316-500751DA12AC}.Debug|x86.ActiveCfg = Debug|Any CPU
		{88D37A9C-A6B7-4199-B316-500751DA12AC}.Debug|x86.Build.0 = Debug|Any CPU
		{88D37A9C-A6B7-4199-B316-500751DA12AC}.Release|Any CPU.ActiveCfg = Release|Any CPU
		{88D37A9C-A6B7-4199-B316-500751DA12AC}.Release|Any CPU.Build.0 = Release|Any CPU
		{88D37A9C-A6B7-4199-B316-500751DA12AC}.Release|x64.ActiveCfg = Release|Any CPU
		{88D37A9C-A6B7-4199-B316-500751DA12AC}.Release|x64.Build.0 = Release|Any CPU
		{88D37A9C-A6B7-4199-B316-500751DA12AC}.Release|x86.ActiveCfg = Release|Any CPU
		{88D37A9C-A6B7-4199-B316-500751DA12AC}.Release|x86.Build.0 = Release|Any CPU
		{2FB04037-13D5-4868-9CE0-2BFD64ACD4E9}.Debug|Any CPU.ActiveCfg = Debug|Any CPU
		{2FB04037-13D5-4868-9CE0-2BFD64ACD4E9}.Debug|Any CPU.Build.0 = Debug|Any CPU
		{2FB04037-13D5-4868-9CE0-2BFD64ACD4E9}.Debug|x64.ActiveCfg = Debug|Any CPU
		{2FB04037-13D5-4868-9CE0-2BFD64ACD4E9}.Debug|x64.Build.0 = Debug|Any CPU
		{2FB04037-13D5-4868-9CE0-2BFD64ACD4E9}.Debug|x86.ActiveCfg = Debug|Any CPU
		{2FB04037-13D5-4868-9CE0-2BFD64ACD4E9}.Debug|x86.Build.0 = Debug|Any CPU
		{2FB04037-13D5-4868-9CE0-2BFD64ACD4E9}.Release|Any CPU.ActiveCfg = Release|Any CPU
		{2FB04037-13D5-4868-9CE0-2BFD64ACD4E9}.Release|Any CPU.Build.0 = Release|Any CPU
		{2FB04037-13D5-4868-9CE0-2BFD64ACD4E9}.Release|x64.ActiveCfg = Release|Any CPU
		{2FB04037-13D5-4868-9CE0-2BFD64ACD4E9}.Release|x64.Build.0 = Release|Any CPU
		{2FB04037-13D5-4868-9CE0-2BFD64ACD4E9}.Release|x86.ActiveCfg = Release|Any CPU
		{2FB04037-13D5-4868-9CE0-2BFD64ACD4E9}.Release|x86.Build.0 = Release|Any CPU
	EndGlobalSection
	GlobalSection(SolutionProperties) = preSolution
		HideSolutionNode = FALSE
	EndGlobalSection
	GlobalSection(NestedProjects) = preSolution
		{EC447DCF-ABFA-6E24-52A5-D7FD48A5C558} = {827E0CD3-B72D-47B6-A68D-7590B98EB39B}
		{E561A2CC-1A7C-F07F-E5AD-1B623E3B893A} = {EC447DCF-ABFA-6E24-52A5-D7FD48A5C558}
		{DE838836-EFED-45F7-8B6E-F8A93F57C5FB} = {E561A2CC-1A7C-F07F-E5AD-1B623E3B893A}
		{D5AD07FB-7804-44D2-87C9-A5DBAC3C669E} = {E561A2CC-1A7C-F07F-E5AD-1B623E3B893A}
		{0749DDB7-E5AC-4BD4-A9A6-02E5FDDCAD75} = {E561A2CC-1A7C-F07F-E5AD-1B623E3B893A}
		{88D37A9C-A6B7-4199-B316-500751DA12AC} = {E561A2CC-1A7C-F07F-E5AD-1B623E3B893A}
		{2FB04037-13D5-4868-9CE0-2BFD64ACD4E9} = {E561A2CC-1A7C-F07F-E5AD-1B623E3B893A}
	EndGlobalSection
EndGlobal
